
Microsoft Visual Studio Solution File, Format Version 12.00
# Visual Studio 15
VisualStudioVersion = 15.0.28307.960
MinimumVisualStudioVersion = 10.0.40219.1
Project("{FAE04EC0-301F-11D3-BF4B-00C04F79EFBC}") = "Senai.InLock.WebApi.DataBaseFirst", "Senai.InLock.WebApi.DataBaseFirst\Senai.InLock.WebApi.DataBaseFirst.csproj", "{F826EFA2-8E85-4540-9519-F80860817310}"
EndProject
Global
	GlobalSection(SolutionConfigurationPlatforms) = preSolution
		Debug|Any CPU = Debug|Any CPU
		Release|Any CPU = Release|Any CPU
	EndGlobalSection
	GlobalSection(ProjectConfigurationPlatforms) = postSolution
		{F826EFA2-8E85-4540-9519-F80860817310}.Debug|Any CPU.ActiveCfg = Debug|Any CPU
		{F826EFA2-8E85-4540-9519-F80860817310}.Debug|Any CPU.Build.0 = Debug|Any CPU
		{F826EFA2-8E85-4540-9519-F80860817310}.Release|Any CPU.ActiveCfg = Release|Any CPU
		{F826EFA2-8E85-4540-9519-F80860817310}.Release|Any CPU.Build.0 = Release|Any CPU
	EndGlobalSection
	GlobalSection(SolutionProperties) = preSolution
		HideSolutionNode = FALSE
	EndGlobalSection
	GlobalSection(ExtensibilityGlobals) = postSolution
		SolutionGuid = {7C94276F-E253-4C9C-8E5D-8A56DFD90476}
	EndGlobalSection
EndGlobal
